
Microsoft Visual Studio Solution File, Format Version 12.00
# Visual Studio Version 17
VisualStudioVersion = 17.1.32210.238
MinimumVisualStudioVersion = 10.0.40219.1
Project("{FAE04EC0-301F-11D3-BF4B-00C04F79EFBC}") = "laba7-client", "laba7-client\laba7-client.csproj", "{8541F7CF-BA12-487F-B6EC-4A2D54C24CB4}"
EndProject
Global
	GlobalSection(SolutionConfigurationPlatforms) = preSolution
		Debug|Any CPU = Debug|Any CPU
		Release|Any CPU = Release|Any CPU
	EndGlobalSection
	GlobalSection(ProjectConfigurationPlatforms) = postSolution
		{8541F7CF-BA12-487F-B6EC-4A2D54C24CB4}.Debug|Any CPU.ActiveCfg = Debug|Any CPU
		{8541F7CF-BA12-487F-B6EC-4A2D54C24CB4}.Debug|Any CPU.Build.0 = Debug|Any CPU
		{8541F7CF-BA12-487F-B6EC-4A2D54C24CB4}.Release|Any CPU.ActiveCfg = Release|Any CPU
		{8541F7CF-BA12-487F-B6EC-4A2D54C24CB4}.Release|Any CPU.Build.0 = Release|Any CPU
	EndGlobalSection
	GlobalSection(SolutionProperties) = preSolution
		HideSolutionNode = FALSE
	EndGlobalSection
	GlobalSection(ExtensibilityGlobals) = postSolution
		SolutionGuid = {7EFEC6F0-CAF4-46E7-870A-6C4918048CDA}
	EndGlobalSection
EndGlobal
